Microsoft Visual Studio Solution File, Format Version 12.00
# Visual Studio Version 17
VisualStudioVersion = 17.5.2.0
MinimumVisualStudioVersion = 10.0.40219.1
Project("{FAE04EC0-301F-11D3-BF4B-00C04F79EFBC}") = "cine_colombia", "cine_colombia.csproj", "{EC97FE7A-BCAF-D8C9-4E45-569461976D07}"
EndProject
Project("{FAE04EC0-301F-11D3-BF4B-00C04F79EFBC}") = "CineColombia", "CineColombia.csproj", "{4D2BB6F7-12ED-6D37-A605-138344250860}"
EndProject
Global
	GlobalSection(SolutionConfigurationPlatforms) = preSolution
		Debug|Any CPU = Debug|Any CPU
		Release|Any CPU = Release|Any CPU
	EndGlobalSection
	GlobalSection(ProjectConfigurationPlatforms) = postSolution
		{EC97FE7A-BCAF-D8C9-4E45-569461976D07}.Debug|Any CPU.ActiveCfg = Debug|Any CPU
		{EC97FE7A-BCAF-D8C9-4E45-569461976D07}.Debug|Any CPU.Build.0 = Debug|Any CPU
		{EC97FE7A-BCAF-D8C9-4E45-569461976D07}.Release|Any CPU.ActiveCfg = Release|Any CPU
		{EC97FE7A-BCAF-D8C9-4E45-569461976D07}.Release|Any CPU.Build.0 = Release|Any CPU
		{4D2BB6F7-12ED-6D37-A605-138344250860}.Debug|Any CPU.ActiveCfg = Debug|Any CPU
		{4D2BB6F7-12ED-6D37-A605-138344250860}.Debug|Any CPU.Build.0 = Debug|Any CPU
		{4D2BB6F7-12ED-6D37-A605-138344250860}.Release|Any CPU.ActiveCfg = Release|Any CPU
		{4D2BB6F7-12ED-6D37-A605-138344250860}.Release|Any CPU.Build.0 = Release|Any CPU
	EndGlobalSection
	GlobalSection(SolutionProperties) = preSolution
		HideSolutionNode = FALSE
	EndGlobalSection
	GlobalSection(ExtensibilityGlobals) = postSolution
		SolutionGuid = {EE83CD18-20F7-41F8-8209-6C16B28F5C78}
	EndGlobalSection
EndGlobal
